
Microsoft Visual Studio Solution File, Format Version 12.00
# Visual Studio Version 17
VisualStudioVersion = 17.3.32804.467
MinimumVisualStudioVersion = 10.0.40219.1
Project("{FAE04EC0-301F-11D3-BF4B-00C04F79EFBC}") = "BooksApp", "BooksApp\BooksApp.csproj", "{BE109715-9492-4A57-880F-1F3FA68D0FE4}"
EndProject
Project("{FAE04EC0-301F-11D3-BF4B-00C04F79EFBC}") = "Entities", "Entities\Entities.csproj", "{2E508BC9-86B3-42EC-A6DD-19DED61CEEA6}"
EndProject
Project("{FAE04EC0-301F-11D3-BF4B-00C04F79EFBC}") = "DataAccess", "DataAccess\DataAccess.csproj", "{AF61F585-7C8D-4C10-BB77-F35143D8D0F4}"
EndProject
Project("{FAE04EC0-301F-11D3-BF4B-00C04F79EFBC}") = "Business", "Business\Business.csproj", "{DAAEA274-0A0E-4C1D-BE19-02694D999DC0}"
EndProject
Global
	GlobalSection(SolutionConfigurationPlatforms) = preSolution
		Debug|Any CPU = Debug|Any CPU
		Release|Any CPU = Release|Any CPU
	EndGlobalSection
	GlobalSection(ProjectConfigurationPlatforms) = postSolution
		{BE109715-9492-4A57-880F-1F3FA68D0FE4}.Debug|Any CPU.ActiveCfg = Debug|Any CPU
		{BE109715-9492-4A57-880F-1F3FA68D0FE4}.Debug|Any CPU.Build.0 = Debug|Any CPU
		{BE109715-9492-4A57-880F-1F3FA68D0FE4}.Release|Any CPU.ActiveCfg = Release|Any CPU
		{BE109715-9492-4A57-880F-1F3FA68D0FE4}.Release|Any CPU.Build.0 = Release|Any CPU
		{2E508BC9-86B3-42EC-A6DD-19DED61CEEA6}.Debug|Any CPU.ActiveCfg = Debug|Any CPU
		{2E508BC9-86B3-42EC-A6DD-19DED61CEEA6}.Debug|Any CPU.Build.0 = Debug|Any CPU
		{2E508BC9-86B3-42EC-A6DD-19DED61CEEA6}.Release|Any CPU.ActiveCfg = Release|Any CPU
		{2E508BC9-86B3-42EC-A6DD-19DED61CEEA6}.Release|Any CPU.Build.0 = Release|Any CPU
		{AF61F585-7C8D-4C10-BB77-F35143D8D0F4}.Debug|Any CPU.ActiveCfg = Debug|Any CPU
		{AF61F585-7C8D-4C10-BB77-F35143D8D0F4}.Debug|Any CPU.Build.0 = Debug|Any CPU
		{AF61F585-7C8D-4C10-BB77-F35143D8D0F4}.Release|Any CPU.ActiveCfg = Release|Any CPU
		{AF61F585-7C8D-4C10-BB77-F35143D8D0F4}.Release|Any CPU.Build.0 = Release|Any CPU
		{DAAEA274-0A0E-4C1D-BE19-02694D999DC0}.Debug|Any CPU.ActiveCfg = Debug|Any CPU
		{DAAEA274-0A0E-4C1D-BE19-02694D999DC0}.Debug|Any CPU.Build.0 = Debug|Any CPU
		{DAAEA274-0A0E-4C1D-BE19-02694D999DC0}.Release|Any CPU.ActiveCfg = Release|Any CPU
		{DAAEA274-0A0E-4C1D-BE19-02694D999DC0}.Release|Any CPU.Build.0 = Release|Any CPU
	EndGlobalSection
	GlobalSection(SolutionProperties) = preSolution
		HideSolutionNode = FALSE
	EndGlobalSection
	GlobalSection(ExtensibilityGlobals) = postSolution
		SolutionGuid = {3E126162-95FB-4F22-A142-A13C13B9DCA8}
	EndGlobalSection
EndGlobal
